
Microsoft Visual Studio Solution File, Format Version 12.00
# Visual Studio Version 17
VisualStudioVersion = 17.0.31903.59
MinimumVisualStudioVersion = 10.0.40219.1
Project("{FAE04EC0-301F-11D3-BF4B-00C04F79EFBC}") = "labor3", "labor3\labor3.csproj", "{0A3BD9C3-CD2A-4E48-AD50-F777DC99DF5E}"
EndProject
Global
	GlobalSection(SolutionConfigurationPlatforms) = preSolution
		Debug|Any CPU = Debug|Any CPU
		Release|Any CPU = Release|Any CPU
	EndGlobalSection
	GlobalSection(ProjectConfigurationPlatforms) = postSolution
		{0A3BD9C3-CD2A-4E48-AD50-F777DC99DF5E}.Debug|Any CPU.ActiveCfg = Debug|Any CPU
		{0A3BD9C3-CD2A-4E48-AD50-F777DC99DF5E}.Debug|Any CPU.Build.0 = Debug|Any CPU
		{0A3BD9C3-CD2A-4E48-AD50-F777DC99DF5E}.Release|Any CPU.ActiveCfg = Release|Any CPU
		{0A3BD9C3-CD2A-4E48-AD50-F777DC99DF5E}.Release|Any CPU.Build.0 = Release|Any CPU
	EndGlobalSection
	GlobalSection(SolutionProperties) = preSolution
		HideSolutionNode = FALSE
	EndGlobalSection
	GlobalSection(ExtensibilityGlobals) = postSolution
		SolutionGuid = {281746CC-A3E1-4604-8F49-171258172FF6}
	EndGlobalSection
EndGlobal
